// !$*UTF8*$!
{
	archiveVersion = 1;
	classes = {
	};
	objectVersion = 51;
	objects = {

/* Begin PBXBuildFile section */
		7D8CE134252A3BC3004D12A2 /* AppDelegate.swift in Sources */ = {isa = PBXBuildFile; fileRef = 7D8CE133252A3BC3004D12A2 /* AppDelegate.swift */; };
		7D8CE136252A3BC3004D12A2 /* SceneDelegate.swift in Sources */ = {isa = PBXBuildFile; fileRef = 7D8CE135252A3BC3004D12A2 /* SceneDelegate.swift */; };
		7D8CE138252A3BC4004D12A2 /* MainViewController.swift in Sources */ = {isa = PBXBuildFile; fileRef = 7D8CE137252A3BC4004D12A2 /* MainViewController.swift */; };
		7D8CE13B252A3BC4004D12A2 /* Main.storyboard in Resources */ = {isa = PBXBuildFile; fileRef = 7D8CE139252A3BC4004D12A2 /* Main.storyboard */; };
		7D8CE13D252A3BC6004D12A2 /* Assets.xcassets in Resources */ = {isa = PBXBuildFile; fileRef = 7D8CE13C252A3BC6004D12A2 /* Assets.xcassets */; };
		7D8CE140252A3BC6004D12A2 /* LaunchScreen.storyboard in Resources */ = {isa = PBXBuildFile; fileRef = 7D8CE13E252A3BC6004D12A2 /* LaunchScreen.storyboard */; };
		7D8CE153252A54CF004D12A2 /* RegisterViewController.swift in Sources */ = {isa = PBXBuildFile; fileRef = 7D8CE152252A54CF004D12A2 /* RegisterViewController.swift */; };
		7D8CE157252A54DC004D12A2 /* Register.storyboard in Resources */ = {isa = PBXBuildFile; fileRef = 7D8CE156252A54DC004D12A2 /* Register.storyboard */; };
		7D8CE15A252A552F004D12A2 /* RegisterViewModel.swift in Sources */ = {isa = PBXBuildFile; fileRef = 7D8CE159252A552F004D12A2 /* RegisterViewModel.swift */; };
		7D8CE15E252A558A004D12A2 /* MainViewModel.swift in Sources */ = {isa = PBXBuildFile; fileRef = 7D8CE15D252A558A004D12A2 /* MainViewModel.swift */; };
		7D8CE16A252A5EE0004D12A2 /* UIViewController+Extensions.swift in Sources */ = {isa = PBXBuildFile; fileRef = 7D8CE169252A5EE0004D12A2 /* UIViewController+Extensions.swift */; };
		7D8CE16E252A5F5B004D12A2 /* UIWindow+Extensions.swift in Sources */ = {isa = PBXBuildFile; fileRef = 7D8CE16D252A5F5B004D12A2 /* UIWindow+Extensions.swift */; };
		7D8CE172252A7417004D12A2 /* PokemonTypeViewController.swift in Sources */ = {isa = PBXBuildFile; fileRef = 7D8CE171252A7417004D12A2 /* PokemonTypeViewController.swift */; };
		7D8CE176252A7469004D12A2 /* PokemonTypeViewModel.swift in Sources */ = {isa = PBXBuildFile; fileRef = 7D8CE175252A7469004D12A2 /* PokemonTypeViewModel.swift */; };
		7D8CE181252A9231004D12A2 /* TargetType+default.swift in Sources */ = {isa = PBXBuildFile; fileRef = 7D8CE180252A9231004D12A2 /* TargetType+default.swift */; };
		7D8CE184252A9245004D12A2 /* Service.swift in Sources */ = {isa = PBXBuildFile; fileRef = 7D8CE183252A9245004D12A2 /* Service.swift */; };
		7D8CE187252A9281004D12A2 /* Result+decoded.swift in Sources */ = {isa = PBXBuildFile; fileRef = 7D8CE186252A9281004D12A2 /* Result+decoded.swift */; };
		7D8CE18A252A9291004D12A2 /* ApiError.swift in Sources */ = {isa = PBXBuildFile; fileRef = 7D8CE189252A9291004D12A2 /* ApiError.swift */; };
		7D8CE18D252A92B2004D12A2 /* JSONDecoder+Extensions.swift in Sources */ = {isa = PBXBuildFile; fileRef = 7D8CE18C252A92B2004D12A2 /* JSONDecoder+Extensions.swift */; };
		7D8CE190252A92C4004D12A2 /* JSONEncoder+Extensions.swift in Sources */ = {isa = PBXBuildFile; fileRef = 7D8CE18F252A92C4004D12A2 /* JSONEncoder+Extensions.swift */; };
		7D8CE193252A9355004D12A2 /* PokemonVortigoApi.swift in Sources */ = {isa = PBXBuildFile; fileRef = 7D8CE192252A9355004D12A2 /* PokemonVortigoApi.swift */; };
		7D8CE19D252A9716004D12A2 /* PokemonType.swift in Sources */ = {isa = PBXBuildFile; fileRef = 7D8CE19C252A9716004D12A2 /* PokemonType.swift */; };
		7D8CE1A2252A99D3004D12A2 /* DateFormatter+Extensions.swift in Sources */ = {isa = PBXBuildFile; fileRef = 7D8CE1A1252A99D3004D12A2 /* DateFormatter+Extensions.swift */; };
		7D8CE1C3252AABA9004D12A2 /* PokemonResults.swift in Sources */ = {isa = PBXBuildFile; fileRef = 7D8CE1C2252AABA9004D12A2 /* PokemonResults.swift */; };
		7D8CE1C9252AAC2E004D12A2 /* PokemonTypeChoiceViewController.swift in Sources */ = {isa = PBXBuildFile; fileRef = 7D8CE1C8252AAC2E004D12A2 /* PokemonTypeChoiceViewController.swift */; };
		7D8CE1CD252AAC3A004D12A2 /* PokemonTypeChoiceViewModel.swift in Sources */ = {isa = PBXBuildFile; fileRef = 7D8CE1CC252AAC3A004D12A2 /* PokemonTypeChoiceViewModel.swift */; };
		7D8CE1D0252AACE4004D12A2 /* PokemonTypeChoice.storyboard in Resources */ = {isa = PBXBuildFile; fileRef = 7D8CE1CF252AACE3004D12A2 /* PokemonTypeChoice.storyboard */; };
		7D8CE1D4252AC060004D12A2 /* PokemonTypeTableViewCell.swift in Sources */ = {isa = PBXBuildFile; fileRef = 7D8CE1D3252AC060004D12A2 /* PokemonTypeTableViewCell.swift */; };
		7D8CE1D8252AC44A004D12A2 /* UIImageView+Extensions.swift in Sources */ = {isa = PBXBuildFile; fileRef = 7D8CE1D7252AC44A004D12A2 /* UIImageView+Extensions.swift */; };
		7D8CE1E0252B3BAF004D12A2 /* String+Extensions.swift in Sources */ = {isa = PBXBuildFile; fileRef = 7D8CE1DF252B3BAF004D12A2 /* String+Extensions.swift */; };
		7D8CE1E4252B424C004D12A2 /* UserDefaultsAccess.swift in Sources */ = {isa = PBXBuildFile; fileRef = 7D8CE1E3252B424B004D12A2 /* UserDefaultsAccess.swift */; };
		7D8CE1EC252B4838004D12A2 /* Home.storyboard in Resources */ = {isa = PBXBuildFile; fileRef = 7D8CE1EB252B4838004D12A2 /* Home.storyboard */; };
		7D8CE1EF252B4857004D12A2 /* HomeViewController.swift in Sources */ = {isa = PBXBuildFile; fileRef = 7D8CE1EE252B4857004D12A2 /* HomeViewController.swift */; };
		7D8CE1F2252B4867004D12A2 /* HomeViewModel.swift in Sources */ = {isa = PBXBuildFile; fileRef = 7D8CE1F1252B4867004D12A2 /* HomeViewModel.swift */; };
		CDFFBBDE672D655C50157366 /* Pods_VortigoTestePratico.framework in Frameworks */ = {isa = PBXBuildFile; fileRef = 3FBE684691259AA475191AC6 /* Pods_VortigoTestePratico.framework */; };
/* End PBXBuildFile section */

/* Begin PBXFileReference section */
		3FBE684691259AA475191AC6 /* Pods_VortigoTestePratico.framework */ = {isa = PBXFileReference; explicitFileType = wrapper.framework; includeInIndex = 0; path = Pods_VortigoTestePratico.framework; sourceTree = BUILT_PRODUCTS_DIR; };
		7D8CE130252A3BC3004D12A2 /* VortigoTestePratico.app */ = {isa = PBXFileReference; explicitFileType = wrapper.application; includeInIndex = 0; path = VortigoTestePratico.app; sourceTree = BUILT_PRODUCTS_DIR; };
		7D8CE133252A3BC3004D12A2 /* AppDelegate.swift */ = {isa = PBXFileReference; lastKnownFileType = sourcecode.swift; path = AppDelegate.swift; sourceTree = "<group>"; };
		7D8CE135252A3BC3004D12A2 /* SceneDelegate.swift */ = {isa = PBXFileReference; lastKnownFileType = sourcecode.swift; path = SceneDelegate.swift; sourceTree = "<group>"; };
		7D8CE137252A3BC4004D12A2 /* MainViewController.swift */ = {isa = PBXFileReference; lastKnownFileType = sourcecode.swift; path = MainViewController.swift; sourceTree = "<group>"; };
		7D8CE13A252A3BC4004D12A2 /* Base */ = {isa = PBXFileReference; lastKnownFileType = file.storyboard; name = Base; path = Base.lproj/Main.storyboard; sourceTree = "<group>"; };
		7D8CE13C252A3BC6004D12A2 /* Assets.xcassets */ = {isa = PBXFileReference; lastKnownFileType = folder.assetcatalog; path = Assets.xcassets; sourceTree = "<group>"; };
		7D8CE13F252A3BC6004D12A2 /* Base */ = {isa = PBXFileReference; lastKnownFileType = file.storyboard; name = Base; path = Base.lproj/LaunchScreen.storyboard; sourceTree = "<group>"; };
		7D8CE141252A3BC6004D12A2 /* Info.plist */ = {isa = PBXFileReference; lastKnownFileType = text.plist.xml; path = Info.plist; sourceTree = "<group>"; };
		7D8CE152252A54CF004D12A2 /* RegisterViewController.swift */ = {isa = PBXFileReference; lastKnownFileType = sourcecode.swift; path = RegisterViewController.swift; sourceTree = "<group>"; };
		7D8CE156252A54DC004D12A2 /* Register.storyboard */ = {isa = PBXFileReference; lastKnownFileType = file.storyboard; path = Register.storyboard; sourceTree = "<group>"; };
		7D8CE159252A552F004D12A2 /* RegisterViewModel.swift */ = {isa = PBXFileReference; lastKnownFileType = sourcecode.swift; path = RegisterViewModel.swift; sourceTree = "<group>"; };
		7D8CE15D252A558A004D12A2 /* MainViewModel.swift */ = {isa = PBXFileReference; lastKnownFileType = sourcecode.swift; path = MainViewModel.swift; sourceTree = "<group>"; };
		7D8CE169252A5EE0004D12A2 /* UIViewController+Extensions.swift */ = {isa = PBXFileReference; lastKnownFileType = sourcecode.swift; path = "UIViewController+Extensions.swift"; sourceTree = "<group>"; };
		7D8CE16D252A5F5B004D12A2 /* UIWindow+Extensions.swift */ = {isa = PBXFileReference; lastKnownFileType = sourcecode.swift; path = "UIWindow+Extensions.swift"; sourceTree = "<group>"; };
		7D8CE171252A7417004D12A2 /* PokemonTypeViewController.swift */ = {isa = PBXFileReference; lastKnownFileType = sourcecode.swift; path = PokemonTypeViewController.swift; sourceTree = "<group>"; };
		7D8CE175252A7469004D12A2 /* PokemonTypeViewModel.swift */ = {isa = PBXFileReference; lastKnownFileType = sourcecode.swift; path = PokemonTypeViewModel.swift; sourceTree = "<group>"; };
		7D8CE180252A9231004D12A2 /* TargetType+default.swift */ = {isa = PBXFileReference; lastKnownFileType = sourcecode.swift; path = "TargetType+default.swift"; sourceTree = "<group>"; };
		7D8CE183252A9245004D12A2 /* Service.swift */ = {isa = PBXFileReference; lastKnownFileType = sourcecode.swift; path = Service.swift; sourceTree = "<group>"; };
		7D8CE186252A9281004D12A2 /* Result+decoded.swift */ = {isa = PBXFileReference; lastKnownFileType = sourcecode.swift; path = "Result+decoded.swift"; sourceTree = "<group>"; };
		7D8CE189252A9291004D12A2 /* ApiError.swift */ = {isa = PBXFileReference; lastKnownFileType = sourcecode.swift; path = ApiError.swift; sourceTree = "<group>"; };
		7D8CE18C252A92B2004D12A2 /* JSONDecoder+Extensions.swift */ = {isa = PBXFileReference; lastKnownFileType = sourcecode.swift; path = "JSONDecoder+Extensions.swift"; sourceTree = "<group>"; };
		7D8CE18F252A92C4004D12A2 /* JSONEncoder+Extensions.swift */ = {isa = PBXFileReference; lastKnownFileType = sourcecode.swift; path = "JSONEncoder+Extensions.swift"; sourceTree = "<group>"; };
		7D8CE192252A9355004D12A2 /* PokemonVortigoApi.swift */ = {isa = PBXFileReference; lastKnownFileType = sourcecode.swift; path = PokemonVortigoApi.swift; sourceTree = "<group>"; };
		7D8CE19C252A9716004D12A2 /* PokemonType.swift */ = {isa = PBXFileReference; lastKnownFileType = sourcecode.swift; path = PokemonType.swift; sourceTree = "<group>"; };
		7D8CE1A1252A99D3004D12A2 /* DateFormatter+Extensions.swift */ = {isa = PBXFileReference; lastKnownFileType = sourcecode.swift; path = "DateFormatter+Extensions.swift"; sourceTree = "<group>"; };
		7D8CE1C2252AABA9004D12A2 /* PokemonResults.swift */ = {isa = PBXFileReference; lastKnownFileType = sourcecode.swift; path = PokemonResults.swift; sourceTree = "<group>"; };
		7D8CE1C8252AAC2E004D12A2 /* PokemonTypeChoiceViewController.swift */ = {isa = PBXFileReference; lastKnownFileType = sourcecode.swift; path = PokemonTypeChoiceViewController.swift; sourceTree = "<group>"; };
		7D8CE1CC252AAC3A004D12A2 /* PokemonTypeChoiceViewModel.swift */ = {isa = PBXFileReference; lastKnownFileType = sourcecode.swift; path = PokemonTypeChoiceViewModel.swift; sourceTree = "<group>"; };
		7D8CE1CF252AACE3004D12A2 /* PokemonTypeChoice.storyboard */ = {isa = PBXFileReference; lastKnownFileType = file.storyboard; path = PokemonTypeChoice.storyboard; sourceTree = "<group>"; };
		7D8CE1D3252AC060004D12A2 /* PokemonTypeTableViewCell.swift */ = {isa = PBXFileReference; lastKnownFileType = sourcecode.swift; path = PokemonTypeTableViewCell.swift; sourceTree = "<group>"; };
		7D8CE1D7252AC44A004D12A2 /* UIImageView+Extensions.swift */ = {isa = PBXFileReference; lastKnownFileType = sourcecode.swift; path = "UIImageView+Extensions.swift"; sourceTree = "<group>"; };
		7D8CE1DF252B3BAF004D12A2 /* String+Extensions.swift */ = {isa = PBXFileReference; lastKnownFileType = sourcecode.swift; path = "String+Extensions.swift"; sourceTree = "<group>"; };
		7D8CE1E3252B424B004D12A2 /* UserDefaultsAccess.swift */ = {isa = PBXFileReference; lastKnownFileType = sourcecode.swift; path = UserDefaultsAccess.swift; sourceTree = "<group>"; };
		7D8CE1EB252B4838004D12A2 /* Home.storyboard */ = {isa = PBXFileReference; lastKnownFileType = file.storyboard; path = Home.storyboard; sourceTree = "<group>"; };
		7D8CE1EE252B4857004D12A2 /* HomeViewController.swift */ = {isa = PBXFileReference; lastKnownFileType = sourcecode.swift; path = HomeViewController.swift; sourceTree = "<group>"; };
		7D8CE1F1252B4867004D12A2 /* HomeViewModel.swift */ = {isa = PBXFileReference; lastKnownFileType = sourcecode.swift; path = HomeViewModel.swift; sourceTree = "<group>"; };
		EFD8E8B5CDF7BB4DB3416407 /* Pods-VortigoTestePratico.debug.xcconfig */ = {isa = PBXFileReference; includeInIndex = 1; lastKnownFileType = text.xcconfig; name = "Pods-VortigoTestePratico.debug.xcconfig"; path = "Target Support Files/Pods-VortigoTestePratico/Pods-VortigoTestePratico.debug.xcconfig"; sourceTree = "<group>"; };
		F3B37849E6BC2457969468DE /* Pods-VortigoTestePratico.release.xcconfig */ = {isa = PBXFileReference; includeInIndex = 1; lastKnownFileType = text.xcconfig; name = "Pods-VortigoTestePratico.release.xcconfig"; path = "Target Support Files/Pods-VortigoTestePratico/Pods-VortigoTestePratico.release.xcconfig"; sourceTree = "<group>"; };
/* End PBXFileReference section */

/* Begin PBXFrameworksBuildPhase section */
		7D8CE12D252A3BC3004D12A2 /* Frameworks */ = {
			isa = PBXFrameworksBuildPhase;
			buildActionMask = 2147483647;
			files = (
				CDFFBBDE672D655C50157366 /* Pods_VortigoTestePratico.framework in Frameworks */,
			);
			runOnlyForDeploymentPostprocessing = 0;
		};
/* End PBXFrameworksBuildPhase section */

/* Begin PBXGroup section */
		1C756519B1B43244476C768D /* Pods */ = {
			isa = PBXGroup;
			children = (
				EFD8E8B5CDF7BB4DB3416407 /* Pods-VortigoTestePratico.debug.xcconfig */,
				F3B37849E6BC2457969468DE /* Pods-VortigoTestePratico.release.xcconfig */,
			);
			path = Pods;
			sourceTree = "<group>";
		};
		3A5B3E4201DD5580AFAE34DE /* Frameworks */ = {
			isa = PBXGroup;
			children = (
				3FBE684691259AA475191AC6 /* Pods_VortigoTestePratico.framework */,
			);
			name = Frameworks;
			sourceTree = "<group>";
		};
		7D8CE127252A3BC3004D12A2 = {
			isa = PBXGroup;
			children = (
				7D8CE132252A3BC3004D12A2 /* VortigoTestePratico */,
				7D8CE131252A3BC3004D12A2 /* Products */,
				1C756519B1B43244476C768D /* Pods */,
				3A5B3E4201DD5580AFAE34DE /* Frameworks */,
			);
			sourceTree = "<group>";
		};
		7D8CE131252A3BC3004D12A2 /* Products */ = {
			isa = PBXGroup;
			children = (
				7D8CE130252A3BC3004D12A2 /* VortigoTestePratico.app */,
			);
			name = Products;
			sourceTree = "<group>";
		};
		7D8CE132252A3BC3004D12A2 /* VortigoTestePratico */ = {
			isa = PBXGroup;
			children = (
				7D8CE17D252A920E004D12A2 /* Networking */,
				7D8CE168252A5ED3004D12A2 /* Extensions */,
				7D8CE14B252A4A0B004D12A2 /* Screens */,
				7D8CE149252A3BEB004D12A2 /* App */,
				7D8CE19B252A9703004D12A2 /* Models */,
				7D8CE1E2252B420D004D12A2 /* Utils */,
				7D8CE13C252A3BC6004D12A2 /* Assets.xcassets */,
			);
			path = VortigoTestePratico;
			sourceTree = "<group>";
		};
		7D8CE149252A3BEB004D12A2 /* App */ = {
			isa = PBXGroup;
			children = (
				7D8CE135252A3BC3004D12A2 /* SceneDelegate.swift */,
				7D8CE141252A3BC6004D12A2 /* Info.plist */,
				7D8CE13E252A3BC6004D12A2 /* LaunchScreen.storyboard */,
				7D8CE133252A3BC3004D12A2 /* AppDelegate.swift */,
			);
			path = App;
			sourceTree = "<group>";
		};
		7D8CE14B252A4A0B004D12A2 /* Screens */ = {
			isa = PBXGroup;
			children = (
				7D8CE1E8252B4802004D12A2 /* Home */,
				7D8CE1C5252AABBA004D12A2 /* PokemonTypeChoice */,
				7D8CE14F252A4A5A004D12A2 /* Register */,
				7D8CE14C252A4A13004D12A2 /* Main */,
			);
			path = Screens;
			sourceTree = "<group>";
		};
		7D8CE14C252A4A13004D12A2 /* Main */ = {
			isa = PBXGroup;
			children = (
				7D8CE14D252A4A1D004D12A2 /* View */,
				7D8CE14E252A4A22004D12A2 /* ViewModel */,
			);
			path = Main;
			sourceTree = "<group>";
		};
		7D8CE14D252A4A1D004D12A2 /* View */ = {
			isa = PBXGroup;
			children = (
				7D8CE137252A3BC4004D12A2 /* MainViewController.swift */,
				7D8CE139252A3BC4004D12A2 /* Main.storyboard */,
			);
			path = View;
			sourceTree = "<group>";
		};
		7D8CE14E252A4A22004D12A2 /* ViewModel */ = {
			isa = PBXGroup;
			children = (
				7D8CE15D252A558A004D12A2 /* MainViewModel.swift */,
			);
			path = ViewModel;
			sourceTree = "<group>";
		};
		7D8CE14F252A4A5A004D12A2 /* Register */ = {
			isa = PBXGroup;
			children = (
				7D8CE151252A4A7F004D12A2 /* ViewModel */,
				7D8CE150252A4A7B004D12A2 /* View */,
			);
			path = Register;
			sourceTree = "<group>";
		};
		7D8CE150252A4A7B004D12A2 /* View */ = {
			isa = PBXGroup;
			children = (
				7D8CE171252A7417004D12A2 /* PokemonTypeViewController.swift */,
				7D8CE152252A54CF004D12A2 /* RegisterViewController.swift */,
				7D8CE156252A54DC004D12A2 /* Register.storyboard */,
			);
			path = View;
			sourceTree = "<group>";
		};
		7D8CE151252A4A7F004D12A2 /* ViewModel */ = {
			isa = PBXGroup;
			children = (
				7D8CE159252A552F004D12A2 /* RegisterViewModel.swift */,
				7D8CE175252A7469004D12A2 /* PokemonTypeViewModel.swift */,
			);
			path = ViewModel;
			sourceTree = "<group>";
		};
		7D8CE168252A5ED3004D12A2 /* Extensions */ = {
			isa = PBXGroup;
			children = (
				7D8CE169252A5EE0004D12A2 /* UIViewController+Extensions.swift */,
				7D8CE16D252A5F5B004D12A2 /* UIWindow+Extensions.swift */,
				7D8CE1D7252AC44A004D12A2 /* UIImageView+Extensions.swift */,
				7D8CE1DF252B3BAF004D12A2 /* String+Extensions.swift */,
			);
			path = Extensions;
			sourceTree = "<group>";
		};
		7D8CE17D252A920E004D12A2 /* Networking */ = {
			isa = PBXGroup;
			children = (
				7D8CE192252A9355004D12A2 /* PokemonVortigoApi.swift */,
				7D8CE17F252A921C004D12A2 /* Coders */,
				7D8CE17E252A9217004D12A2 /* Moya */,
			);
			path = Networking;
			sourceTree = "<group>";
		};
		7D8CE17E252A9217004D12A2 /* Moya */ = {
			isa = PBXGroup;
			children = (
				7D8CE180252A9231004D12A2 /* TargetType+default.swift */,
				7D8CE183252A9245004D12A2 /* Service.swift */,
				7D8CE186252A9281004D12A2 /* Result+decoded.swift */,
				7D8CE189252A9291004D12A2 /* ApiError.swift */,
			);
			path = Moya;
			sourceTree = "<group>";
		};
		7D8CE17F252A921C004D12A2 /* Coders */ = {
			isa = PBXGroup;
			children = (
				7D8CE18C252A92B2004D12A2 /* JSONDecoder+Extensions.swift */,
				7D8CE1A1252A99D3004D12A2 /* DateFormatter+Extensions.swift */,
				7D8CE18F252A92C4004D12A2 /* JSONEncoder+Extensions.swift */,
			);
			path = Coders;
			sourceTree = "<group>";
		};
		7D8CE19B252A9703004D12A2 /* Models */ = {
			isa = PBXGroup;
			children = (
				7D8CE19C252A9716004D12A2 /* PokemonType.swift */,
				7D8CE1C2252AABA9004D12A2 /* PokemonResults.swift */,
			);
			path = Models;
			sourceTree = "<group>";
		};
		7D8CE1C5252AABBA004D12A2 /* PokemonTypeChoice */ = {
			isa = PBXGroup;
			children = (
				7D8CE1C7252AABFE004D12A2 /* ViewModel */,
				7D8CE1C6252AABF9004D12A2 /* View */,
			);
			path = PokemonTypeChoice;
			sourceTree = "<group>";
		};
		7D8CE1C6252AABF9004D12A2 /* View */ = {
			isa = PBXGroup;
			children = (
				7D8CE1D2252AC03A004D12A2 /* SubView */,
				7D8CE1C8252AAC2E004D12A2 /* PokemonTypeChoiceViewController.swift */,
				7D8CE1CF252AACE3004D12A2 /* PokemonTypeChoice.storyboard */,
			);
			path = View;
			sourceTree = "<group>";
		};
		7D8CE1C7252AABFE004D12A2 /* ViewModel */ = {
			isa = PBXGroup;
			children = (
				7D8CE1CC252AAC3A004D12A2 /* PokemonTypeChoiceViewModel.swift */,
			);
			path = ViewModel;
			sourceTree = "<group>";
		};
		7D8CE1D2252AC03A004D12A2 /* SubView */ = {
			isa = PBXGroup;
			children = (
				7D8CE1D3252AC060004D12A2 /* PokemonTypeTableViewCell.swift */,
			);
			path = SubView;
			sourceTree = "<group>";
		};
		7D8CE1E2252B420D004D12A2 /* Utils */ = {
			isa = PBXGroup;
			children = (
				7D8CE1E3252B424B004D12A2 /* UserDefaultsAccess.swift */,
			);
			path = Utils;
			sourceTree = "<group>";
		};
		7D8CE1E8252B4802004D12A2 /* Home */ = {
			isa = PBXGroup;
			children = (
				7D8CE1E9252B4816004D12A2 /* View */,
				7D8CE1EA252B4819004D12A2 /* ViewModel */,
			);
			path = Home;
			sourceTree = "<group>";
		};
		7D8CE1E9252B4816004D12A2 /* View */ = {
			isa = PBXGroup;
			children = (
				7D8CE1EB252B4838004D12A2 /* Home.storyboard */,
				7D8CE1EE252B4857004D12A2 /* HomeViewController.swift */,
			);
			path = View;
			sourceTree = "<group>";
		};
		7D8CE1EA252B4819004D12A2 /* ViewModel */ = {
			isa = PBXGroup;
			children = (
				7D8CE1F1252B4867004D12A2 /* HomeViewModel.swift */,
			);
			path = ViewModel;
			sourceTree = "<group>";
		};
/* End PBXGroup section */

/* Begin PBXNativeTarget section */
		7D8CE12F252A3BC3004D12A2 /* VortigoTestePratico */ = {
			isa = PBXNativeTarget;
			buildConfigurationList = 7D8CE144252A3BC6004D12A2 /* Build configuration list for PBXNativeTarget "VortigoTestePratico" */;
			buildPhases = (
				A62FEE63606EFA15B86182B6 /* [CP] Check Pods Manifest.lock */,
				7D8CE12C252A3BC3004D12A2 /* Sources */,
				7D8CE12D252A3BC3004D12A2 /* Frameworks */,
				7D8CE12E252A3BC3004D12A2 /* Resources */,
				CB5CB6F2C94771662F6A6BB6 /* [CP] Embed Pods Frameworks */,
			);
			buildRules = (
			);
			dependencies = (
			);
			name = VortigoTestePratico;
			productName = VortigoTestePratico;
			productReference = 7D8CE130252A3BC3004D12A2 /* VortigoTestePratico.app */;
			productType = "com.apple.product-type.application";
		};
/* End PBXNativeTarget section */

/* Begin PBXProject section */
		7D8CE128252A3BC3004D12A2 /* Project object */ = {
			isa = PBXProject;
			attributes = {
				LastSwiftUpdateCheck = 1200;
				LastUpgradeCheck = 1200;
				TargetAttributes = {
					7D8CE12F252A3BC3004D12A2 = {
						CreatedOnToolsVersion = 12.0.1;
					};
				};
			};
			buildConfigurationList = 7D8CE12B252A3BC3004D12A2 /* Build configuration list for PBXProject "VortigoTestePratico" */;
			compatibilityVersion = "Xcode 9.3";
			developmentRegion = en;
			hasScannedForEncodings = 0;
			knownRegions = (
				en,
				Base,
			);
			mainGroup = 7D8CE127252A3BC3004D12A2;
			productRefGroup = 7D8CE131252A3BC3004D12A2 /* Products */;
			projectDirPath = "";
			projectRoot = "";
			targets = (
				7D8CE12F252A3BC3004D12A2 /* VortigoTestePratico */,
			);
		};
/* End PBXProject section */

/* Begin PBXResourcesBuildPhase section */
		7D8CE12E252A3BC3004D12A2 /* Resources */ = {
			isa = PBXResourcesBuildPhase;
			buildActionMask = 2147483647;
			files = (
				7D8CE140252A3BC6004D12A2 /* LaunchScreen.storyboard in Resources */,
				7D8CE13D252A3BC6004D12A2 /* Assets.xcassets in Resources */,
				7D8CE13B252A3BC4004D12A2 /* Main.storyboard in Resources */,
				7D8CE1EC252B4838004D12A2 /* Home.storyboard in Resources */,
				7D8CE157252A54DC004D12A2 /* Register.storyboard in Resources */,
				7D8CE1D0252AACE4004D12A2 /* PokemonTypeChoice.storyboard in Resources */,
			);
			runOnlyForDeploymentPostprocessing = 0;
		};
/* End PBXResourcesBuildPhase section */

/* Begin PBXShellScriptBuildPhase section */
		A62FEE63606EFA15B86182B6 /* [CP] Check Pods Manifest.lock */ = {
			isa = PBXShellScriptBuildPhase;
			buildActionMask = 2147483647;
			files = (
			);
			inputFileListPaths = (
			);
			inputPaths = (
				"${PODS_PODFILE_DIR_PATH}/Podfile.lock",
				"${PODS_ROOT}/Manifest.lock",
			);
			name = "[CP] Check Pods Manifest.lock";
			outputFileListPaths = (
			);
			outputPaths = (
				"$(DERIVED_FILE_DIR)/Pods-VortigoTestePratico-checkManifestLockResult.txt",
			);
			runOnlyForDeploymentPostprocessing = 0;
			shellPath = /bin/sh;
			shellScript = "diff \"${PODS_PODFILE_DIR_PATH}/Podfile.lock\" \"${PODS_ROOT}/Manifest.lock\" > /dev/null\nif [ $? != 0 ] ; then\n    # print error to STDERR\n    echo \"error: The sandbox is not in sync with the Podfile.lock. Run 'pod install' or update your CocoaPods installation.\" >&2\n    exit 1\nfi\n# This output is used by Xcode 'outputs' to avoid re-running this script phase.\necho \"SUCCESS\" > \"${SCRIPT_OUTPUT_FILE_0}\"\n";
			showEnvVarsInLog = 0;
		};
		CB5CB6F2C94771662F6A6BB6 /* [CP] Embed Pods Frameworks */ = {
			isa = PBXShellScriptBuildPhase;
			buildActionMask = 2147483647;
			files = (
			);
			inputFileListPaths = (
				"${PODS_ROOT}/Target Support Files/Pods-VortigoTestePratico/Pods-VortigoTestePratico-frameworks-${CONFIGURATION}-input-files.xcfilelist",
			);
			name = "[CP] Embed Pods Frameworks";
			outputFileListPaths = (
				"${PODS_ROOT}/Target Support Files/Pods-VortigoTestePratico/Pods-VortigoTestePratico-frameworks-${CONFIGURATION}-output-files.xcfilelist",
			);
			runOnlyForDeploymentPostprocessing = 0;
			shellPath = /bin/sh;
			shellScript = "\"${PODS_ROOT}/Target Support Files/Pods-VortigoTestePratico/Pods-VortigoTestePratico-frameworks.sh\"\n";
			showEnvVarsInLog = 0;
		};
/* End PBXShellScriptBuildPhase section */

/* Begin PBXSourcesBuildPhase section */
		7D8CE12C252A3BC3004D12A2 /* Sources */ = {
			isa = PBXSourcesBuildPhase;
			buildActionMask = 2147483647;
			files = (
				7D8CE176252A7469004D12A2 /* PokemonTypeViewModel.swift in Sources */,
				7D8CE1A2252A99D3004D12A2 /* DateFormatter+Extensions.swift in Sources */,
				7D8CE1C9252AAC2E004D12A2 /* PokemonTypeChoiceViewController.swift in Sources */,
				7D8CE18D252A92B2004D12A2 /* JSONDecoder+Extensions.swift in Sources */,
				7D8CE1E4252B424C004D12A2 /* UserDefaultsAccess.swift in Sources */,
				7D8CE138252A3BC4004D12A2 /* MainViewController.swift in Sources */,
				7D8CE1D4252AC060004D12A2 /* PokemonTypeTableViewCell.swift in Sources */,
				7D8CE1D8252AC44A004D12A2 /* UIImageView+Extensions.swift in Sources */,
				7D8CE193252A9355004D12A2 /* PokemonVortigoApi.swift in Sources */,
				7D8CE15A252A552F004D12A2 /* RegisterViewModel.swift in Sources */,
				7D8CE1C3252AABA9004D12A2 /* PokemonResults.swift in Sources */,
				7D8CE134252A3BC3004D12A2 /* AppDelegate.swift in Sources */,
				7D8CE19D252A9716004D12A2 /* PokemonType.swift in Sources */,
				7D8CE16A252A5EE0004D12A2 /* UIViewController+Extensions.swift in Sources */,
				7D8CE1EF252B4857004D12A2 /* HomeViewController.swift in Sources */,
				7D8CE187252A9281004D12A2 /* Result+decoded.swift in Sources */,
				7D8CE1CD252AAC3A004D12A2 /* PokemonTypeChoiceViewModel.swift in Sources */,
				7D8CE1E0252B3BAF004D12A2 /* String+Extensions.swift in Sources */,
				7D8CE184252A9245004D12A2 /* Service.swift in Sources */,
				7D8CE18A252A9291004D12A2 /* ApiError.swift in Sources */,
				7D8CE136252A3BC3004D12A2 /* SceneDelegate.swift in Sources */,
				7D8CE16E252A5F5B004D12A2 /* UIWindow+Extensions.swift in Sources */,
				7D8CE153252A54CF004D12A2 /* RegisterViewController.swift in Sources */,
				7D8CE1F2252B4867004D12A2 /* HomeViewModel.swift in Sources */,
				7D8CE190252A92C4004D12A2 /* JSONEncoder+Extensions.swift in Sources */,
				7D8CE172252A7417004D12A2 /* PokemonTypeViewController.swift in Sources */,
				7D8CE181252A9231004D12A2 /* TargetType+default.swift in Sources */,
				7D8CE15E252A558A004D12A2 /* MainViewModel.swift in Sources */,
			);
			runOnlyForDeploymentPostprocessing = 0;
		};
/* End PBXSourcesBuildPhase section */

/* Begin PBXVariantGroup section */
		7D8CE139252A3BC4004D12A2 /* Main.storyboard */ = {
			isa = PBXVariantGroup;
			children = (
				7D8CE13A252A3BC4004D12A2 /* Base */,
			);
			name = Main.storyboard;
			sourceTree = "<group>";
		};
		7D8CE13E252A3BC6004D12A2 /* LaunchScreen.storyboard */ = {
			isa = PBXVariantGroup;
			children = (
				7D8CE13F252A3BC6004D12A2 /* Base */,
			);
			name = LaunchScreen.storyboard;
			sourceTree = "<group>";
		};
/* End PBXVariantGroup section */

/* Begin XCBuildConfiguration section */
		7D8CE142252A3BC6004D12A2 /* Debug */ = {
			isa = XCBuildConfiguration;
			buildSettings = {
				ALWAYS_SEARCH_USER_PATHS = NO;
				CLANG_ANALYZER_NONNULL = YES;
				CLANG_ANALYZER_NUMBER_OBJECT_CONVERSION = YES_AGGRESSIVE;
				CLANG_CXX_LANGUAGE_STANDARD = "gnu++14";
				CLANG_CXX_LIBRARY = "libc++";
				CLANG_ENABLE_MODULES = YES;
				CLANG_ENABLE_OBJC_ARC = YES;
				CLANG_ENABLE_OBJC_WEAK = YES;
				CLANG_WARN_BLOCK_CAPTURE_AUTORELEASING = YES;
				CLANG_WARN_BOOL_CONVERSION = YES;
				CLANG_WARN_COMMA = YES;
				CLANG_WARN_CONSTANT_CONVERSION = YES;
				CLANG_WARN_DEPRECATED_OBJC_IMPLEMENTATIONS = YES;
				CLANG_WARN_DIRECT_OBJC_ISA_USAGE = YES_ERROR;
				CLANG_WARN_DOCUMENTATION_COMMENTS = YES;
				CLANG_WARN_EMPTY_BODY = YES;
				CLANG_WARN_ENUM_CONVERSION = YES;
				CLANG_WARN_INFINITE_RECURSION = YES;
				CLANG_WARN_INT_CONVERSION = YES;
				CLANG_WARN_NON_LITERAL_NULL_CONVERSION = YES;
				CLANG_WARN_OBJC_IMPLICIT_RETAIN_SELF = YES;
				CLANG_WARN_OBJC_LITERAL_CONVERSION = YES;
				CLANG_WARN_OBJC_ROOT_CLASS = YES_ERROR;
				CLANG_WARN_QUOTED_INCLUDE_IN_FRAMEWORK_HEADER = YES;
				CLANG_WARN_RANGE_LOOP_ANALYSIS = YES;
				CLANG_WARN_STRICT_PROTOTYPES = YES;
				CLANG_WARN_SUSPICIOUS_MOVE = YES;
				CLANG_WARN_UNGUARDED_AVAILABILITY = YES_AGGRESSIVE;
				CLANG_WARN_UNREACHABLE_CODE = YES;
				CLANG_WARN__DUPLICATE_METHOD_MATCH = YES;
				COPY_PHASE_STRIP = NO;
				DEBUG_INFORMATION_FORMAT = dwarf;
				ENABLE_STRICT_OBJC_MSGSEND = YES;
				ENABLE_TESTABILITY = YES;
				GCC_C_LANGUAGE_STANDARD = gnu11;
				GCC_DYNAMIC_NO_PIC = NO;
				GCC_NO_COMMON_BLOCKS = YES;
				GCC_OPTIMIZATION_LEVEL = 0;
				GCC_PREPROCESSOR_DEFINITIONS = (
					"DEBUG=1",
					"$(inherited)",
				);
				GCC_WARN_64_TO_32_BIT_CONVERSION = YES;
				GCC_WARN_ABOUT_RETURN_TYPE = YES_ERROR;
				GCC_WARN_UNDECLARED_SELECTOR = YES;
				GCC_WARN_UNINITIALIZED_AUTOS = YES_AGGRESSIVE;
				GCC_WARN_UNUSED_FUNCTION = YES;
				GCC_WARN_UNUSED_VARIABLE = YES;
				IPHONEOS_DEPLOYMENT_TARGET = 14.0;
				MTL_ENABLE_DEBUG_INFO = INCLUDE_SOURCE;
				MTL_FAST_MATH = YES;
				ONLY_ACTIVE_ARCH = YES;
				SDKROOT = iphoneos;
				SWIFT_ACTIVE_COMPILATION_CONDITIONS = DEBUG;
				SWIFT_OPTIMIZATION_LEVEL = "-Onone";
			};
			name = Debug;
		};
		7D8CE143252A3BC6004D12A2 /* Release */ = {
			isa = XCBuildConfiguration;
			buildSettings = {
				ALWAYS_SEARCH_USER_PATHS = NO;
				CLANG_ANALYZER_NONNULL = YES;
				CLANG_ANALYZER_NUMBER_OBJECT_CONVERSION = YES_AGGRESSIVE;
				CLANG_CXX_LANGUAGE_STANDARD = "gnu++14";
				CLANG_CXX_LIBRARY = "libc++";
				CLANG_ENABLE_MODULES = YES;
				CLANG_ENABLE_OBJC_ARC = YES;
				CLANG_ENABLE_OBJC_WEAK = YES;
				CLANG_WARN_BLOCK_CAPTURE_AUTORELEASING = YES;
				CLANG_WARN_BOOL_CONVERSION = YES;
				CLANG_WARN_COMMA = YES;
				CLANG_WARN_CONSTANT_CONVERSION = YES;
				CLANG_WARN_DEPRECATED_OBJC_IMPLEMENTATIONS = YES;
				CLANG_WARN_DIRECT_OBJC_ISA_USAGE = YES_ERROR;
				CLANG_WARN_DOCUMENTATION_COMMENTS = YES;
				CLANG_WARN_EMPTY_BODY = YES;
				CLANG_WARN_ENUM_CONVERSION = YES;
				CLANG_WARN_INFINITE_RECURSION = YES;
				CLANG_WARN_INT_CONVERSION = YES;
				CLANG_WARN_NON_LITERAL_NULL_CONVERSION = YES;
				CLANG_WARN_OBJC_IMPLICIT_RETAIN_SELF = YES;
				CLANG_WARN_OBJC_LITERAL_CONVERSION = YES;
				CLANG_WARN_OBJC_ROOT_CLASS = YES_ERROR;
				CLANG_WARN_QUOTED_INCLUDE_IN_FRAMEWORK_HEADER = YES;
				CLANG_WARN_RANGE_LOOP_ANALYSIS = YES;
				CLANG_WARN_STRICT_PROTOTYPES = YES;
				CLANG_WARN_SUSPICIOUS_MOVE = YES;
				CLANG_WARN_UNGUARDED_AVAILABILITY = YES_AGGRESSIVE;
				CLANG_WARN_UNREACHABLE_CODE = YES;
				CLANG_WARN__DUPLICATE_METHOD_MATCH = YES;
				COPY_PHASE_STRIP = NO;
				DEBUG_INFORMATION_FORMAT = "dwarf-with-dsym";
				ENABLE_NS_ASSERTIONS = NO;
				ENABLE_STRICT_OBJC_MSGSEND = YES;
				GCC_C_LANGUAGE_STANDARD = gnu11;
				GCC_NO_COMMON_BLOCKS = YES;
				GCC_WARN_64_TO_32_BIT_CONVERSION = YES;
				GCC_WARN_ABOUT_RETURN_TYPE = YES_ERROR;
				GCC_WARN_UNDECLARED_SELECTOR = YES;
				GCC_WARN_UNINITIALIZED_AUTOS = YES_AGGRESSIVE;
				GCC_WARN_UNUSED_FUNCTION = YES;
				GCC_WARN_UNUSED_VARIABLE = YES;
				IPHONEOS_DEPLOYMENT_TARGET = 14.0;
				MTL_ENABLE_DEBUG_INFO = NO;
				MTL_FAST_MATH = YES;
				SDKROOT = iphoneos;
				SWIFT_COMPILATION_MODE = wholemodule;
				SWIFT_OPTIMIZATION_LEVEL = "-O";
				VALIDATE_PRODUCT = YES;
			};
			name = Release;
		};
		7D8CE145252A3BC6004D12A2 /* Debug */ = {
			isa = XCBuildConfiguration;
			baseConfigurationReference = EFD8E8B5CDF7BB4DB3416407 /* Pods-VortigoTestePratico.debug.xcconfig */;
			buildSettings = {
				ASSETCATALOG_COMPILER_APPICON_NAME = AppIcon;
				ASSETCATALOG_COMPILER_GLOBAL_ACCENT_COLOR_NAME = AccentColor;
				CODE_SIGN_STYLE = Automatic;
				DEVELOPMENT_TEAM = FTN4AS5AAV;
				INFOPLIST_FILE = VortigoTestePratico/App/Info.plist;
				LD_RUNPATH_SEARCH_PATHS = (
					"$(inherited)",
					"@executable_path/Frameworks",
				);
				PRODUCT_BUNDLE_IDENTIFIER = matheus.fogiatto.VortigoTestePratico;
				PRODUCT_NAME = "$(TARGET_NAME)";
				SWIFT_VERSION = 5.0;
				TARGETED_DEVICE_FAMILY = "1,2";
			};
			name = Debug;
		};
		7D8CE146252A3BC6004D12A2 /* Release */ = {
			isa = XCBuildConfiguration;
			baseConfigurationReference = F3B37849E6BC2457969468DE /* Pods-VortigoTestePratico.release.xcconfig */;
			buildSettings = {
				ASSETCATALOG_COMPILER_APPICON_NAME = AppIcon;
				ASSETCATALOG_COMPILER_GLOBAL_ACCENT_COLOR_NAME = AccentColor;
				CODE_SIGN_STYLE = Automatic;
				DEVELOPMENT_TEAM = FTN4AS5AAV;
				INFOPLIST_FILE = VortigoTestePratico/App/Info.plist;
				LD_RUNPATH_SEARCH_PATHS = (
					"$(inherited)",
					"@executable_path/Frameworks",
				);
				PRODUCT_BUNDLE_IDENTIFIER = matheus.fogiatto.VortigoTestePratico;
				PRODUCT_NAME = "$(TARGET_NAME)";
				SWIFT_VERSION = 5.0;
				TARGETED_DEVICE_FAMILY = "1,2";
			};
			name = Release;
		};
/* End XCBuildConfiguration section */

/* Begin XCConfigurationList section */
		7D8CE12B252A3BC3004D12A2 /* Build configuration list for PBXProject "VortigoTestePratico" */ = {
			isa = XCConfigurationList;
			buildConfigurations = (
				7D8CE142252A3BC6004D12A2 /* Debug */,
				7D8CE143252A3BC6004D12A2 /* Release */,
			);
			defaultConfigurationIsVisible = 0;
			defaultConfigurationName = Release;
		};
		7D8CE144252A3BC6004D12A2 /* Build configuration list for PBXNativeTarget "VortigoTestePratico" */ = {
			isa = XCConfigurationList;
			buildConfigurations = (
				7D8CE145252A3BC6004D12A2 /* Debug */,
				7D8CE146252A3BC6004D12A2 /* Release */,
			);
			defaultConfigurationIsVisible = 0;
			defaultConfigurationName = Release;
		};
/* End XCConfigurationList section */
	};
	rootObject = 7D8CE128252A3BC3004D12A2 /* Project object */;
}
